// !$*UTF8*$!
{
	archiveVersion = 1;
	classes = {
	};
	objectVersion = 46;
	objects = {

/* Begin PBXBuildFile section */
		2458A22F1EE8445C008EC469 /* GPATableHeaderView.xib in Resources */ = {isa = PBXBuildFile; fileRef = 2458A22E1EE8445C008EC469 /* GPATableHeaderView.xib */; };
		2458A2311EE84476008EC469 /* GPATableHeaderView.swift in Sources */ = {isa = PBXBuildFile; fileRef = 2458A2301EE84476008EC469 /* GPATableHeaderView.swift */; };
		2458A2351EE84CCD008EC469 /* GPACalculator.swift in Sources */ = {isa = PBXBuildFile; fileRef = 2458A2341EE84CCD008EC469 /* GPACalculator.swift */; };
		2475A2141EE9270E0077781C /* GPATypeSelectionView.swift in Sources */ = {isa = PBXBuildFile; fileRef = 2475A2131EE9270E0077781C /* GPATypeSelectionView.swift */; };
		2475A2161EE9271C0077781C /* GPATypeSelectionView.xib in Resources */ = {isa = PBXBuildFile; fileRef = 2475A2151EE9271B0077781C /* GPATypeSelectionView.xib */; };
		2475A2181EE929080077781C /* CourseType.swift in Sources */ = {isa = PBXBuildFile; fileRef = 2475A2171EE929080077781C /* CourseType.swift */; };
		2490D1831EE6F8CC00F78151 /* Launch Screen.storyboard in Resources */ = {isa = PBXBuildFile; fileRef = 2490D1821EE6F8CC00F78151 /* Launch Screen.storyboard */; };
		2490D1851EE6FD0500F78151 /* TermModel.swift in Sources */ = {isa = PBXBuildFile; fileRef = 2490D1841EE6FD0500F78151 /* TermModel.swift */; };
		24D827DE1EE681D5006889F0 /* AppDelegate.swift in Sources */ = {isa = PBXBuildFile; fileRef = 24D827DD1EE681D5006889F0 /* AppDelegate.swift */; };
		24D827E51EE681D5006889F0 /* Assets.xcassets in Resources */ = {isa = PBXBuildFile; fileRef = 24D827E41EE681D5006889F0 /* Assets.xcassets */; };
		24D827F11EE68206006889F0 /* GPATableViewCell.swift in Sources */ = {isa = PBXBuildFile; fileRef = 24D827EF1EE68206006889F0 /* GPATableViewCell.swift */; };
		24D827F21EE68206006889F0 /* GPATableViewCell.xib in Resources */ = {isa = PBXBuildFile; fileRef = 24D827F01EE68206006889F0 /* GPATableViewCell.xib */; };
		24D827F41EE68217006889F0 /* ViewController.swift in Sources */ = {isa = PBXBuildFile; fileRef = 24D827F31EE68217006889F0 /* ViewController.swift */; };
		24D827F71EE68228006889F0 /* GPATableViewController.swift in Sources */ = {isa = PBXBuildFile; fileRef = 24D827F51EE68228006889F0 /* GPATableViewController.swift */; };
		24D827FA1EE68827006889F0 /* CourseModel.swift in Sources */ = {isa = PBXBuildFile; fileRef = 24D827F91EE68827006889F0 /* CourseModel.swift */; };
		BF70182175FABCE8E2130674 /* Pods_GPA_Cal.framework in Frameworks */ = {isa = PBXBuildFile; fileRef = 329DE7FC09D480849C36273C /* Pods_GPA_Cal.framework */; };
/* End PBXBuildFile section */

/* Begin PBXFileReference section */
		2458A22E1EE8445C008EC469 /* GPATableHeaderView.xib */ = {isa = PBXFileReference; fileEncoding = 4; lastKnownFileType = file.xib; path = GPATableHeaderView.xib; sourceTree = "<group>"; };
		2458A2301EE84476008EC469 /* GPATableHeaderView.swift */ = {isa = PBXFileReference; fileEncoding = 4; lastKnownFileType = sourcecode.swift; path = GPATableHeaderView.swift; sourceTree = "<group>"; };
		2458A2341EE84CCD008EC469 /* GPACalculator.swift */ = {isa = PBXFileReference; fileEncoding = 4; lastKnownFileType = sourcecode.swift; path = GPACalculator.swift; sourceTree = "<group>"; };
		2475A2131EE9270E0077781C /* GPATypeSelectionView.swift */ = {isa = PBXFileReference; fileEncoding = 4; lastKnownFileType = sourcecode.swift; path = GPATypeSelectionView.swift; sourceTree = "<group>"; };
		2475A2151EE9271B0077781C /* GPATypeSelectionView.xib */ = {isa = PBXFileReference; fileEncoding = 4; lastKnownFileType = file.xib; path = GPATypeSelectionView.xib; sourceTree = "<group>"; };
		2475A2171EE929080077781C /* CourseType.swift */ = {isa = PBXFileReference; fileEncoding = 4; lastKnownFileType = sourcecode.swift; path = CourseType.swift; sourceTree = "<group>"; };
		2490D1821EE6F8CC00F78151 /* Launch Screen.storyboard */ = {isa = PBXFileReference; fileEncoding = 4; lastKnownFileType = file.storyboard; path = "Launch Screen.storyboard"; sourceTree = "<group>"; };
		2490D1841EE6FD0500F78151 /* TermModel.swift */ = {isa = PBXFileReference; fileEncoding = 4; lastKnownFileType = sourcecode.swift; path = TermModel.swift; sourceTree = "<group>"; };
		24BC419E1EE6F6E30020B78D /* Alamofire.framework */ = {isa = PBXFileReference; lastKnownFileType = wrapper.framework; name = Alamofire.framework; path = "Pods/../build/Debug-iphoneos/Alamofire/Alamofire.framework"; sourceTree = "<group>"; };
		24D827DA1EE681D5006889F0 /* GPA Cal.app */ = {isa = PBXFileReference; explicitFileType = wrapper.application; includeInIndex = 0; path = "GPA Cal.app"; sourceTree = BUILT_PRODUCTS_DIR; };
		24D827DD1EE681D5006889F0 /* AppDelegate.swift */ = {isa = PBXFileReference; lastKnownFileType = sourcecode.swift; path = AppDelegate.swift; sourceTree = "<group>"; };
		24D827E41EE681D5006889F0 /* Assets.xcassets */ = {isa = PBXFileReference; lastKnownFileType = folder.assetcatalog; path = Assets.xcassets; sourceTree = "<group>"; };
		24D827E91EE681D5006889F0 /* Info.plist */ = {isa = PBXFileReference; lastKnownFileType = text.plist.xml; path = Info.plist; sourceTree = "<group>"; };
		24D827EF1EE68206006889F0 /* GPATableViewCell.swift */ = {isa = PBXFileReference; fileEncoding = 4; lastKnownFileType = sourcecode.swift; path = GPATableViewCell.swift; sourceTree = "<group>"; };
		24D827F01EE68206006889F0 /* GPATableViewCell.xib */ = {isa = PBXFileReference; fileEncoding = 4; lastKnownFileType = file.xib; path = GPATableViewCell.xib; sourceTree = "<group>"; };
		24D827F31EE68217006889F0 /* ViewController.swift */ = {isa = PBXFileReference; fileEncoding = 4; lastKnownFileType = sourcecode.swift; path = ViewController.swift; sourceTree = "<group>"; };
		24D827F51EE68228006889F0 /* GPATableViewController.swift */ = {isa = PBXFileReference; fileEncoding = 4; lastKnownFileType = sourcecode.swift; path = GPATableViewController.swift; sourceTree = "<group>"; };
		24D827F91EE68827006889F0 /* CourseModel.swift */ = {isa = PBXFileReference; fileEncoding = 4; lastKnownFileType = sourcecode.swift; path = CourseModel.swift; sourceTree = "<group>"; };
		329DE7FC09D480849C36273C /* Pods_GPA_Cal.framework */ = {isa = PBXFileReference; explicitFileType = wrapper.framework; includeInIndex = 0; path = Pods_GPA_Cal.framework; sourceTree = BUILT_PRODUCTS_DIR; };
		3FAFF1D6DF0CA9459E0DC6D5 /* Pods-GPA Cal.debug.xcconfig */ = {isa = PBXFileReference; includeInIndex = 1; lastKnownFileType = text.xcconfig; name = "Pods-GPA Cal.debug.xcconfig"; path = "Pods/Target Support Files/Pods-GPA Cal/Pods-GPA Cal.debug.xcconfig"; sourceTree = "<group>"; };
		7B9EBE7AC2D1DF6347BF52E8 /* Pods-GPA Cal.release.xcconfig */ = {isa = PBXFileReference; includeInIndex = 1; lastKnownFileType = text.xcconfig; name = "Pods-GPA Cal.release.xcconfig"; path = "Pods/Target Support Files/Pods-GPA Cal/Pods-GPA Cal.release.xcconfig"; sourceTree = "<group>"; };
/* End PBXFileReference section */

/* Begin PBXFrameworksBuildPhase section */
		24D827D71EE681D5006889F0 /* Frameworks */ = {
			isa = PBXFrameworksBuildPhase;
			buildActionMask = 2147483647;
			files = (
				BF70182175FABCE8E2130674 /* Pods_GPA_Cal.framework in Frameworks */,
			);
			runOnlyForDeploymentPostprocessing = 0;
		};
/* End PBXFrameworksBuildPhase section */

/* Begin PBXGroup section */
		24D827D11EE681D5006889F0 = {
			isa = PBXGroup;
			children = (
				24D827DC1EE681D5006889F0 /* GPA Cal */,
				24D827DB1EE681D5006889F0 /* Products */,
				D9F6C52B35557B752D8B5A3B /* Pods */,
				73BB2A6E808D44FAB21291C1 /* Frameworks */,
			);
			sourceTree = "<group>";
		};
		24D827DB1EE681D5006889F0 /* Products */ = {
			isa = PBXGroup;
			children = (
				24D827DA1EE681D5006889F0 /* GPA Cal.app */,
			);
			name = Products;
			sourceTree = "<group>";
		};
		24D827DC1EE681D5006889F0 /* GPA Cal */ = {
			isa = PBXGroup;
			children = (
				24D827DD1EE681D5006889F0 /* AppDelegate.swift */,
				24D827F31EE68217006889F0 /* ViewController.swift */,
				2490D1841EE6FD0500F78151 /* TermModel.swift */,
				24D827F91EE68827006889F0 /* CourseModel.swift */,
				2475A2171EE929080077781C /* CourseType.swift */,
				2458A2341EE84CCD008EC469 /* GPACalculator.swift */,
				24D827F51EE68228006889F0 /* GPATableViewController.swift */,
				24D827EF1EE68206006889F0 /* GPATableViewCell.swift */,
				24D827F01EE68206006889F0 /* GPATableViewCell.xib */,
				2475A2131EE9270E0077781C /* GPATypeSelectionView.swift */,
				2475A2151EE9271B0077781C /* GPATypeSelectionView.xib */,
				2458A2301EE84476008EC469 /* GPATableHeaderView.swift */,
				2458A22E1EE8445C008EC469 /* GPATableHeaderView.xib */,
				24D827E41EE681D5006889F0 /* Assets.xcassets */,
				2490D1821EE6F8CC00F78151 /* Launch Screen.storyboard */,
				24D827E91EE681D5006889F0 /* Info.plist */,
			);
			path = "GPA Cal";
			sourceTree = "<group>";
		};
		73BB2A6E808D44FAB21291C1 /* Frameworks */ = {
			isa = PBXGroup;
			children = (
				24BC419E1EE6F6E30020B78D /* Alamofire.framework */,
				329DE7FC09D480849C36273C /* Pods_GPA_Cal.framework */,
			);
			name = Frameworks;
			sourceTree = "<group>";
		};
		D9F6C52B35557B752D8B5A3B /* Pods */ = {
			isa = PBXGroup;
			children = (
				3FAFF1D6DF0CA9459E0DC6D5 /* Pods-GPA Cal.debug.xcconfig */,
				7B9EBE7AC2D1DF6347BF52E8 /* Pods-GPA Cal.release.xcconfig */,
			);
			name = Pods;
			sourceTree = "<group>";
		};
/* End PBXGroup section */

/* Begin PBXNativeTarget section */
		24D827D91EE681D5006889F0 /* GPA Cal */ = {
			isa = PBXNativeTarget;
			buildConfigurationList = 24D827EC1EE681D5006889F0 /* Build configuration list for PBXNativeTarget "GPA Cal" */;
			buildPhases = (
				BAF0DFAAB31F167C9DA9A16D /* [CP] Check Pods Manifest.lock */,
				24D827D61EE681D5006889F0 /* Sources */,
				24D827D71EE681D5006889F0 /* Frameworks */,
				24D827D81EE681D5006889F0 /* Resources */,
				265AEC1B06FED61AB1BC598D /* [CP] Embed Pods Frameworks */,
				AC06F47963EF22B7F0F2A38F /* [CP] Copy Pods Resources */,
			);
			buildRules = (
			);
			dependencies = (
			);
			name = "GPA Cal";
			productName = "GPA Cal";
			productReference = 24D827DA1EE681D5006889F0 /* GPA Cal.app */;
			productType = "com.apple.product-type.application";
		};
/* End PBXNativeTarget section */

/* Begin PBXProject section */
		24D827D21EE681D5006889F0 /* Project object */ = {
			isa = PBXProject;
			attributes = {
				LastSwiftUpdateCheck = 0830;
				LastUpgradeCheck = 0900;
				ORGANIZATIONNAME = "宋 奎熹";
				TargetAttributes = {
					24D827D91EE681D5006889F0 = {
						CreatedOnToolsVersion = 8.3.3;
						DevelopmentTeam = VEBQ28K9EA;
						LastSwiftMigration = 0900;
						ProvisioningStyle = Automatic;
					};
				};
			};
			buildConfigurationList = 24D827D51EE681D5006889F0 /* Build configuration list for PBXProject "GPA Cal" */;
			compatibilityVersion = "Xcode 3.2";
			developmentRegion = English;
			hasScannedForEncodings = 0;
			knownRegions = (
				en,
				Base,
			);
			mainGroup = 24D827D11EE681D5006889F0;
			productRefGroup = 24D827DB1EE681D5006889F0 /* Products */;
			projectDirPath = "";
			projectRoot = "";
			targets = (
				24D827D91EE681D5006889F0 /* GPA Cal */,
			);
		};
/* End PBXProject section */

/* Begin PBXResourcesBuildPhase section */
		24D827D81EE681D5006889F0 /* Resources */ = {
			isa = PBXResourcesBuildPhase;
			buildActionMask = 2147483647;
			files = (
				2490D1831EE6F8CC00F78151 /* Launch Screen.storyboard in Resources */,
				24D827F21EE68206006889F0 /* GPATableViewCell.xib in Resources */,
				24D827E51EE681D5006889F0 /* Assets.xcassets in Resources */,
				2458A22F1EE8445C008EC469 /* GPATableHeaderView.xib in Resources */,
				2475A2161EE9271C0077781C /* GPATypeSelectionView.xib in Resources */,
			);
			runOnlyForDeploymentPostprocessing = 0;
		};
/* End PBXResourcesBuildPhase section */

/* Begin PBXShellScriptBuildPhase section */
		265AEC1B06FED61AB1BC598D /* [CP] Embed Pods Frameworks */ = {
			isa = PBXShellScriptBuildPhase;
			buildActionMask = 2147483647;
			files = (
			);
			inputPaths = (
			);
			name = "[CP] Embed Pods Frameworks";
			outputPaths = (
			);
			runOnlyForDeploymentPostprocessing = 0;
			shellPath = /bin/sh;
			shellScript = "\"${SRCROOT}/Pods/Target Support Files/Pods-GPA Cal/Pods-GPA Cal-frameworks.sh\"\n";
			showEnvVarsInLog = 0;
		};
		AC06F47963EF22B7F0F2A38F /* [CP] Copy Pods Resources */ = {
			isa = PBXShellScriptBuildPhase;
			buildActionMask = 2147483647;
			files = (
			);
			inputPaths = (
			);
			name = "[CP] Copy Pods Resources";
			outputPaths = (
			);
			runOnlyForDeploymentPostprocessing = 0;
			shellPath = /bin/sh;
			shellScript = "\"${SRCROOT}/Pods/Target Support Files/Pods-GPA Cal/Pods-GPA Cal-resources.sh\"\n";
			showEnvVarsInLog = 0;
		};
		BAF0DFAAB31F167C9DA9A16D /* [CP] Check Pods Manifest.lock */ = {
			isa = PBXShellScriptBuildPhase;
			buildActionMask = 2147483647;
			files = (
			);
			inputPaths = (
			);
			name = "[CP] Check Pods Manifest.lock";
			outputPaths = (
			);
			runOnlyForDeploymentPostprocessing = 0;
			shellPath = /bin/sh;
			shellScript = "diff \"${PODS_PODFILE_DIR_PATH}/Podfile.lock\" \"${PODS_ROOT}/Manifest.lock\" > /dev/null\nif [ $? != 0 ] ; then\n    # print error to STDERR\n    echo \"error: The sandbox is not in sync with the Podfile.lock. Run 'pod install' or update your CocoaPods installation.\" >&2\n    exit 1\nfi\n";
			showEnvVarsInLog = 0;
		};
/* End PBXShellScriptBuildPhase section */

/* Begin PBXSourcesBuildPhase section */
		24D827D61EE681D5006889F0 /* Sources */ = {
			isa = PBXSourcesBuildPhase;
			buildActionMask = 2147483647;
			files = (
				2475A2181EE929080077781C /* CourseType.swift in Sources */,
				2458A2351EE84CCD008EC469 /* GPACalculator.swift in Sources */,
				2475A2141EE9270E0077781C /* GPATypeSelectionView.swift in Sources */,
				24D827F41EE68217006889F0 /* ViewController.swift in Sources */,
				24D827FA1EE68827006889F0 /* CourseModel.swift in Sources */,
				2490D1851EE6FD0500F78151 /* TermModel.swift in Sources */,
				24D827F11EE68206006889F0 /* GPATableViewCell.swift in Sources */,
				2458A2311EE84476008EC469 /* GPATableHeaderView.swift in Sources */,
				24D827F71EE68228006889F0 /* GPATableViewController.swift in Sources */,
				24D827DE1EE681D5006889F0 /* AppDelegate.swift in Sources */,
			);
			runOnlyForDeploymentPostprocessing = 0;
		};
/* End PBXSourcesBuildPhase section */

/* Begin XCBuildConfiguration section */
		24D827EA1EE681D5006889F0 /* Debug */ = {
			isa = XCBuildConfiguration;
			buildSettings = {
				ALWAYS_SEARCH_USER_PATHS = NO;
				CLANG_ANALYZER_NONNULL = YES;
				CLANG_ANALYZER_NUMBER_OBJECT_CONVERSION = YES_AGGRESSIVE;
				CLANG_CXX_LANGUAGE_STANDARD = "gnu++0x";
				CLANG_CXX_LIBRARY = "libc++";
				CLANG_ENABLE_MODULES = YES;
				CLANG_ENABLE_OBJC_ARC = YES;
				CLANG_WARN_BLOCK_CAPTURE_AUTORELEASING = YES;
				CLANG_WARN_BOOL_CONVERSION = YES;
				CLANG_WARN_COMMA = YES;
				CLANG_WARN_CONSTANT_CONVERSION = YES;
				CLANG_WARN_DIRECT_OBJC_ISA_USAGE = YES_ERROR;
				CLANG_WARN_DOCUMENTATION_COMMENTS = YES;
				CLANG_WARN_EMPTY_BODY = YES;
				CLANG_WARN_ENUM_CONVERSION = YES;
				CLANG_WARN_INFINITE_RECURSION = YES;
				CLANG_WARN_INT_CONVERSION = YES;
				CLANG_WARN_NON_LITERAL_NULL_CONVERSION = YES;
				CLANG_WARN_OBJC_LITERAL_CONVERSION = YES;
				CLANG_WARN_OBJC_ROOT_CLASS = YES_ERROR;
				CLANG_WARN_RANGE_LOOP_ANALYSIS = YES;
				CLANG_WARN_STRICT_PROTOTYPES = YES;
				CLANG_WARN_SUSPICIOUS_MOVE = YES;
				CLANG_WARN_UNREACHABLE_CODE = YES;
				CLANG_WARN__DUPLICATE_METHOD_MATCH = YES;
				"CODE_SIGN_IDENTITY[sdk=iphoneos*]" = "iPhone Developer";
				COPY_PHASE_STRIP = NO;
				DEBUG_INFORMATION_FORMAT = dwarf;
				ENABLE_STRICT_OBJC_MSGSEND = YES;
				ENABLE_TESTABILITY = YES;
				GCC_C_LANGUAGE_STANDARD = gnu99;
				GCC_DYNAMIC_NO_PIC = NO;
				GCC_NO_COMMON_BLOCKS = YES;
				GCC_OPTIMIZATION_LEVEL = 0;
				GCC_PREPROCESSOR_DEFINITIONS = (
					"DEBUG=1",
					"$(inherited)",
				);
				GCC_WARN_64_TO_32_BIT_CONVERSION = YES;
				GCC_WARN_ABOUT_RETURN_TYPE = YES_ERROR;
				GCC_WARN_UNDECLARED_SELECTOR = YES;
				GCC_WARN_UNINITIALIZED_AUTOS = YES_AGGRESSIVE;
				GCC_WARN_UNUSED_FUNCTION = YES;
				GCC_WARN_UNUSED_VARIABLE = YES;
				IPHONEOS_DEPLOYMENT_TARGET = 10.3;
				MTL_ENABLE_DEBUG_INFO = YES;
				ONLY_ACTIVE_ARCH = YES;
				SDKROOT = iphoneos;
				SWIFT_ACTIVE_COMPILATION_CONDITIONS = DEBUG;
				SWIFT_OPTIMIZATION_LEVEL = "-Onone";
				SWIFT_VERSION = 3.0;
			};
			name = Debug;
		};
		24D827EB1EE681D5006889F0 /* Release */ = {
			isa = XCBuildConfiguration;
			buildSettings = {
				ALWAYS_SEARCH_USER_PATHS = NO;
				CLANG_ANALYZER_NONNULL = YES;
				CLANG_ANALYZER_NUMBER_OBJECT_CONVERSION = YES_AGGRESSIVE;
				CLANG_CXX_LANGUAGE_STANDARD = "gnu++0x";
				CLANG_CXX_LIBRARY = "libc++";
				CLANG_ENABLE_MODULES = YES;
				CLANG_ENABLE_OBJC_ARC = YES;
				CLANG_WARN_BLOCK_CAPTURE_AUTORELEASING = YES;
				CLANG_WARN_BOOL_CONVERSION = YES;
				CLANG_WARN_COMMA = YES;
				CLANG_WARN_CONSTANT_CONVERSION = YES;
				CLANG_WARN_DIRECT_OBJC_ISA_USAGE = YES_ERROR;
				CLANG_WARN_DOCUMENTATION_COMMENTS = YES;
				CLANG_WARN_EMPTY_BODY = YES;
				CLANG_WARN_ENUM_CONVERSION = YES;
				CLANG_WARN_INFINITE_RECURSION = YES;
				CLANG_WARN_INT_CONVERSION = YES;
				CLANG_WARN_NON_LITERAL_NULL_CONVERSION = YES;
				CLANG_WARN_OBJC_LITERAL_CONVERSION = YES;
				CLANG_WARN_OBJC_ROOT_CLASS = YES_ERROR;
				CLANG_WARN_RANGE_LOOP_ANALYSIS = YES;
				CLANG_WARN_STRICT_PROTOTYPES = YES;
				CLANG_WARN_SUSPICIOUS_MOVE = YES;
				CLANG_WARN_UNREACHABLE_CODE = YES;
				CLANG_WARN__DUPLICATE_METHOD_MATCH = YES;
				"CODE_SIGN_IDENTITY[sdk=iphoneos*]" = "iPhone Developer";
				COPY_PHASE_STRIP = NO;
				DEBUG_INFORMATION_FORMAT = "dwarf-with-dsym";
				ENABLE_NS_ASSERTIONS = NO;
				ENABLE_STRICT_OBJC_MSGSEND = YES;
				GCC_C_LANGUAGE_STANDARD = gnu99;
				GCC_NO_COMMON_BLOCKS = YES;
				GCC_WARN_64_TO_32_BIT_CONVERSION = YES;
				GCC_WARN_ABOUT_RETURN_TYPE = YES_ERROR;
				GCC_WARN_UNDECLARED_SELECTOR = YES;
				GCC_WARN_UNINITIALIZED_AUTOS = YES_AGGRESSIVE;
				GCC_WARN_UNUSED_FUNCTION = YES;
				GCC_WARN_UNUSED_VARIABLE = YES;
				IPHONEOS_DEPLOYMENT_TARGET = 10.3;
				MTL_ENABLE_DEBUG_INFO = NO;
				SDKROOT = iphoneos;
				SWIFT_OPTIMIZATION_LEVEL = "-Owholemodule";
				SWIFT_VERSION = 3.0;
				VALIDATE_PRODUCT = YES;
			};
			name = Release;
		};
		24D827ED1EE681D5006889F0 /* Debug */ = {
			isa = XCBuildConfiguration;
			baseConfigurationReference = 3FAFF1D6DF0CA9459E0DC6D5 /* Pods-GPA Cal.debug.xcconfig */;
			buildSettings = {
				ASSETCATALOG_COMPILER_APPICON_NAME = AppIcon;
				DEVELOPMENT_TEAM = VEBQ28K9EA;
				INFOPLIST_FILE = "GPA Cal/Info.plist";
				IPHONEOS_DEPLOYMENT_TARGET = 9.0;
				LD_RUNPATH_SEARCH_PATHS = "$(inherited) @executable_path/Frameworks";
				PRODUCT_BUNDLE_IDENTIFIER = "com.krayc.GPA-Cal";
				PRODUCT_NAME = "$(TARGET_NAME)";
				SWIFT_SWIFT3_OBJC_INFERENCE = On;
				SWIFT_VERSION = 3.0;
			};
			name = Debug;
		};
		24D827EE1EE681D5006889F0 /* Release */ = {
			isa = XCBuildConfiguration;
			baseConfigurationReference = 7B9EBE7AC2D1DF6347BF52E8 /* Pods-GPA Cal.release.xcconfig */;
			buildSettings = {
				ASSETCATALOG_COMPILER_APPICON_NAME = AppIcon;
				DEVELOPMENT_TEAM = VEBQ28K9EA;
				INFOPLIST_FILE = "GPA Cal/Info.plist";
				IPHONEOS_DEPLOYMENT_TARGET = 9.0;
				LD_RUNPATH_SEARCH_PATHS = "$(inherited) @executable_path/Frameworks";
				PRODUCT_BUNDLE_IDENTIFIER = "com.krayc.GPA-Cal";
				PRODUCT_NAME = "$(TARGET_NAME)";
				SWIFT_SWIFT3_OBJC_INFERENCE = On;
				SWIFT_VERSION = 3.0;
			};
			name = Release;
		};
/* End XCBuildConfiguration section */

/* Begin XCConfigurationList section */
		24D827D51EE681D5006889F0 /* Build configuration list for PBXProject "GPA Cal" */ = {
			isa = XCConfigurationList;
			buildConfigurations = (
				24D827EA1EE681D5006889F0 /* Debug */,
				24D827EB1EE681D5006889F0 /* Release */,
			);
			defaultConfigurationIsVisible = 0;
			defaultConfigurationName = Release;
		};
		24D827EC1EE681D5006889F0 /* Build configuration list for PBXNativeTarget "GPA Cal" */ = {
			isa = XCConfigurationList;
			buildConfigurations = (
				24D827ED1EE681D5006889F0 /* Debug */,
				24D827EE1EE681D5006889F0 /* Release */,
			);
			defaultConfigurationIsVisible = 0;
			defaultConfigurationName = Release;
		};
/* End XCConfigurationList section */
	};
	rootObject = 24D827D21EE681D5006889F0 /* Project object */;
}
